{
  "name": "rescript-source-swap",
  "version": "1.0.0",
  "lockfileVersion": 2,
  "requires": true,
  "packages": {
    "": {
      "name": "rescript-source-swap",
      "version": "1.0.0",
      "license": "ISC",
      "dependencies": {
        "rescript": "^11.0.0-rc.3"
      },
      "devDependencies": {}
    },
    "node_modules/rescript": {
      "version": "11.0.0-rc.3",
      "resolved": "https://registry.npmjs.org/rescript/-/rescript-11.0.0-rc.3.tgz",
      "integrity": "sha512-JLwGwRYiJbSwJMc2oOzU9dRCTuitpIYU0Z6Wm9Ig0K9/mSyg3b6d/wXRq3EL1txs/50qNbzKio/fnMYObB7r3Q==",
      "hasInstallScript": true,
      "bin": {
        "bsc": "bsc",
        "bstracing": "lib/bstracing",
        "rescript": "rescript"
      },
      "engines": {
        "node": ">=10"
      }
    }
  },
  "dependencies": {
    "rescript": {
      "version": "11.0.0-rc.3",
      "resolved": "https://registry.npmjs.org/rescript/-/rescript-11.0.0-rc.3.tgz",
      "integrity": "sha512-JLwGwRYiJbSwJMc2oOzU9dRCTuitpIYU0Z6Wm9Ig0K9/mSyg3b6d/wXRq3EL1txs/50qNbzKio/fnMYObB7r3Q=="
    }
  }
}
